
Microsoft Visual Studio Solution File, Format Version 12.00
# Visual Studio Version 16
VisualStudioVersion = 16.0.29613.14
MinimumVisualStudioVersion = 10.0.40219.1
Project("{9A19103F-16F7-4668-BE54-9A1E7A4F7556}") = "BasicArithmeticTests", "ArithmeticTests\BasicArithmeticTests.csproj", "{1ADDEB57-3F4B-406E-8CEA-F3BCB137E978}"
EndProject
Project("{9A19103F-16F7-4668-BE54-9A1E7A4F7556}") = "ArithmeticLibrary", "ArithmeticLibrary\ArithmeticLibrary.csproj", "{4D7D165A-D424-44E2-A3A2-4562C5D59E0C}"
EndProject
Global
	GlobalSection(SolutionConfigurationPlatforms) = preSolution
		Debug|Any CPU = Debug|Any CPU
		Release|Any CPU = Release|Any CPU
	EndGlobalSection
	GlobalSection(ProjectConfigurationPlatforms) = postSolution
		{1ADDEB57-3F4B-406E-8CEA-F3BCB137E978}.Debug|Any CPU.ActiveCfg = Debug|Any CPU
		{1ADDEB57-3F4B-406E-8CEA-F3BCB137E978}.Debug|Any CPU.Build.0 = Debug|Any CPU
		{1ADDEB57-3F4B-406E-8CEA-F3BCB137E978}.Release|Any CPU.ActiveCfg = Release|Any CPU
		{1ADDEB57-3F4B-406E-8CEA-F3BCB137E978}.Release|Any CPU.Build.0 = Release|Any CPU
		{4D7D165A-D424-44E2-A3A2-4562C5D59E0C}.Debug|Any CPU.ActiveCfg = Debug|Any CPU
		{4D7D165A-D424-44E2-A3A2-4562C5D59E0C}.Debug|Any CPU.Build.0 = Debug|Any CPU
		{4D7D165A-D424-44E2-A3A2-4562C5D59E0C}.Release|Any CPU.ActiveCfg = Release|Any CPU
		{4D7D165A-D424-44E2-A3A2-4562C5D59E0C}.Release|Any CPU.Build.0 = Release|Any CPU
	EndGlobalSection
	GlobalSection(SolutionProperties) = preSolution
		HideSolutionNode = FALSE
	EndGlobalSection
	GlobalSection(ExtensibilityGlobals) = postSolution
		SolutionGuid = {DF8A9468-35A1-4259-9788-F59520D28B23}
	EndGlobalSection
EndGlobal
